
Microsoft Visual Studio Solution File, Format Version 12.00
# Visual Studio Version 17
VisualStudioVersion = 17.3.32929.385
MinimumVisualStudioVersion = 10.0.40219.1
Project("{FAE04EC0-301F-11D3-BF4B-00C04F79EFBC}") = "ImageConverter", "ImageConverter.csproj", "{1CC2444F-27F2-4A3F-9470-6A7E89135F26}"
EndProject
Global
	GlobalSection(SolutionConfigurationPlatforms) = preSolution
		Debug|Any CPU = Debug|Any CPU
		Release|Any CPU = Release|Any CPU
	EndGlobalSection
	GlobalSection(ProjectConfigurationPlatforms) = postSolution
		{1CC2444F-27F2-4A3F-9470-6A7E89135F26}.Debug|Any CPU.ActiveCfg = Debug|Any CPU
		{1CC2444F-27F2-4A3F-9470-6A7E89135F26}.Debug|Any CPU.Build.0 = Debug|Any CPU
		{1CC2444F-27F2-4A3F-9470-6A7E89135F26}.Release|Any CPU.ActiveCfg = Release|Any CPU
		{1CC2444F-27F2-4A3F-9470-6A7E89135F26}.Release|Any CPU.Build.0 = Release|Any CPU
	EndGlobalSection
	GlobalSection(SolutionProperties) = preSolution
		HideSolutionNode = FALSE
	EndGlobalSection
	GlobalSection(ExtensibilityGlobals) = postSolution
		SolutionGuid = {C763954B-9FEF-474C-BDA5-86FABCAF05B3}
	EndGlobalSection
EndGlobal
